
Microsoft Visual Studio Solution File, Format Version 12.00
# Visual Studio Version 17
VisualStudioVersion = 17.4.33122.133
MinimumVisualStudioVersion = 10.0.40219.1
Project("{9A19103F-16F7-4668-BE54-9A1E7A4F7556}") = "QuestionMark", "QuestionMark\QuestionMark.csproj", "{498B90BE-9081-49AC-A3F7-5A7C80C2D780}"
EndProject
Project("{9A19103F-16F7-4668-BE54-9A1E7A4F7556}") = "SwitchCase", "SwitchCase\SwitchCase.csproj", "{4AB8D819-0914-438E-95E8-278D45460C11}"
EndProject
Project("{9A19103F-16F7-4668-BE54-9A1E7A4F7556}") = "ForeachWhile", "ForeachWhile\ForeachWhile.csproj", "{C7529AAD-AF7A-4676-AFFB-455A9E3CC882}"
EndProject
Project("{9A19103F-16F7-4668-BE54-9A1E7A4F7556}") = "RefOut", "RefOut\RefOut.csproj", "{F57C9AB2-1B44-409B-AD4C-0C54AF875789}"
EndProject
Project("{9A19103F-16F7-4668-BE54-9A1E7A4F7556}") = "RegexTryParse", "RegexTryParse\RegexTryParse.csproj", "{EB4E8907-0292-42BA-997C-3C36498EFFDC}"
EndProject
Project("{9A19103F-16F7-4668-BE54-9A1E7A4F7556}") = "PartialClass", "PartialClass\PartialClass.csproj", "{E25B7AE5-D902-4C7E-B8F6-94CA5C5F6E0A}"
EndProject
Project("{9A19103F-16F7-4668-BE54-9A1E7A4F7556}") = "ArgumentAndParams", "ArgumentAndParams\ArgumentAndParams.csproj", "{A2EADD21-B4E0-4104-A5DB-B25A5E4A0D5F}"
EndProject
Project("{9A19103F-16F7-4668-BE54-9A1E7A4F7556}") = "OopAbstraction", "OopAbstraction\OopAbstraction.csproj", "{D27ADA29-20A0-4788-B70B-65BAFD5C5B4B}"
EndProject
Project("{9A19103F-16F7-4668-BE54-9A1E7A4F7556}") = "OopEncapsulation", "OopEcapsulation\OopEncapsulation.csproj", "{4C8879E6-BCD3-4837-90D7-2EEE26EA3043}"
EndProject
Project("{9A19103F-16F7-4668-BE54-9A1E7A4F7556}") = "OopEncapsulationCont", "OopEncapsulationCont\OopEncapsulationCont.csproj", "{32C4E25A-8A55-4872-AA09-D4E855AAEEC2}"
EndProject
Project("{9A19103F-16F7-4668-BE54-9A1E7A4F7556}") = "OopEncapsulationProperty", "OopEncapsulationProperty\OopEncapsulationProperty.csproj", "{5F4DDC96-AA60-4CE5-859A-9C77F09A56AE}"
EndProject
Project("{9A19103F-16F7-4668-BE54-9A1E7A4F7556}") = "OopPolymorphismOverloading", "OopPolymorphismOverloading\OopPolymorphismOverloading.csproj", "{23AF15B4-90AF-4FD3-9141-4B6425A41BC1}"
EndProject
Project("{9A19103F-16F7-4668-BE54-9A1E7A4F7556}") = "OopPolymorphismOverride", "OopPolymorphismOverride\OopPolymorphismOverride.csproj", "{39F9585E-7811-452D-BBEA-CA7B20E907E1}"
EndProject
Project("{9A19103F-16F7-4668-BE54-9A1E7A4F7556}") = "OopPolymorphismInterface", "OopPolymorphismInterface\OopPolymorphismInterface.csproj", "{C169E34C-87A5-4181-9BA2-B3AC1F15C9B8}"
EndProject
Project("{9A19103F-16F7-4668-BE54-9A1E7A4F7556}") = "GenericClass", "GenericClass\GenericClass.csproj", "{1B3875F8-22E9-40DC-9E42-EA30EC2E231A}"
EndProject
Project("{9A19103F-16F7-4668-BE54-9A1E7A4F7556}") = "DelegateCsharp", "DelegateCsharp\DelegateCsharp.csproj", "{89E1AC0B-67DE-44A6-8FC3-492BEFB3AA99}"
EndProject
Project("{9A19103F-16F7-4668-BE54-9A1E7A4F7556}") = "BaiTap_HoThiThanhThao_C2109i1", "BaiTap_HoThiThanhThao_C2109i1\BaiTap_HoThiThanhThao_C2109i1.csproj", "{AE4DA619-65CE-46DD-8659-1F54F945705F}"
EndProject
Project("{FAE04EC0-301F-11D3-BF4B-00C04F79EFBC}") = "ExeciseOop", "ExeciseOop\ExeciseOop.csproj", "{CBCD97BD-3508-4794-A03A-4A592DEBBB48}"
EndProject
Global
	GlobalSection(SolutionConfigurationPlatforms) = preSolution
		Debug|Any CPU = Debug|Any CPU
		Release|Any CPU = Release|Any CPU
	EndGlobalSection
	GlobalSection(ProjectConfigurationPlatforms) = postSolution
		{498B90BE-9081-49AC-A3F7-5A7C80C2D780}.Debug|Any CPU.ActiveCfg = Debug|Any CPU
		{498B90BE-9081-49AC-A3F7-5A7C80C2D780}.Debug|Any CPU.Build.0 = Debug|Any CPU
		{498B90BE-9081-49AC-A3F7-5A7C80C2D780}.Release|Any CPU.ActiveCfg = Release|Any CPU
		{498B90BE-9081-49AC-A3F7-5A7C80C2D780}.Release|Any CPU.Build.0 = Release|Any CPU
		{4AB8D819-0914-438E-95E8-278D45460C11}.Debug|Any CPU.ActiveCfg = Debug|Any CPU
		{4AB8D819-0914-438E-95E8-278D45460C11}.Debug|Any CPU.Build.0 = Debug|Any CPU
		{4AB8D819-0914-438E-95E8-278D45460C11}.Release|Any CPU.ActiveCfg = Release|Any CPU
		{4AB8D819-0914-438E-95E8-278D45460C11}.Release|Any CPU.Build.0 = Release|Any CPU
		{C7529AAD-AF7A-4676-AFFB-455A9E3CC882}.Debug|Any CPU.ActiveCfg = Debug|Any CPU
		{C7529AAD-AF7A-4676-AFFB-455A9E3CC882}.Debug|Any CPU.Build.0 = Debug|Any CPU
		{C7529AAD-AF7A-4676-AFFB-455A9E3CC882}.Release|Any CPU.ActiveCfg = Release|Any CPU
		{C7529AAD-AF7A-4676-AFFB-455A9E3CC882}.Release|Any CPU.Build.0 = Release|Any CPU
		{F57C9AB2-1B44-409B-AD4C-0C54AF875789}.Debug|Any CPU.ActiveCfg = Debug|Any CPU
		{F57C9AB2-1B44-409B-AD4C-0C54AF875789}.Debug|Any CPU.Build.0 = Debug|Any CPU
		{F57C9AB2-1B44-409B-AD4C-0C54AF875789}.Release|Any CPU.ActiveCfg = Release|Any CPU
		{F57C9AB2-1B44-409B-AD4C-0C54AF875789}.Release|Any CPU.Build.0 = Release|Any CPU
		{EB4E8907-0292-42BA-997C-3C36498EFFDC}.Debug|Any CPU.ActiveCfg = Debug|Any CPU
		{EB4E8907-0292-42BA-997C-3C36498EFFDC}.Debug|Any CPU.Build.0 = Debug|Any CPU
		{EB4E8907-0292-42BA-997C-3C36498EFFDC}.Release|Any CPU.ActiveCfg = Release|Any CPU
		{EB4E8907-0292-42BA-997C-3C36498EFFDC}.Release|Any CPU.Build.0 = Release|Any CPU
		{E25B7AE5-D902-4C7E-B8F6-94CA5C5F6E0A}.Debug|Any CPU.ActiveCfg = Debug|Any CPU
		{E25B7AE5-D902-4C7E-B8F6-94CA5C5F6E0A}.Debug|Any CPU.Build.0 = Debug|Any CPU
		{E25B7AE5-D902-4C7E-B8F6-94CA5C5F6E0A}.Release|Any CPU.ActiveCfg = Release|Any CPU
		{E25B7AE5-D902-4C7E-B8F6-94CA5C5F6E0A}.Release|Any CPU.Build.0 = Release|Any CPU
		{A2EADD21-B4E0-4104-A5DB-B25A5E4A0D5F}.Debug|Any CPU.ActiveCfg = Debug|Any CPU
		{A2EADD21-B4E0-4104-A5DB-B25A5E4A0D5F}.Debug|Any CPU.Build.0 = Debug|Any CPU
		{A2EADD21-B4E0-4104-A5DB-B25A5E4A0D5F}.Release|Any CPU.ActiveCfg = Release|Any CPU
		{A2EADD21-B4E0-4104-A5DB-B25A5E4A0D5F}.Release|Any CPU.Build.0 = Release|Any CPU
		{D27ADA29-20A0-4788-B70B-65BAFD5C5B4B}.Debug|Any CPU.ActiveCfg = Debug|Any CPU
		{D27ADA29-20A0-4788-B70B-65BAFD5C5B4B}.Debug|Any CPU.Build.0 = Debug|Any CPU
		{D27ADA29-20A0-4788-B70B-65BAFD5C5B4B}.Release|Any CPU.ActiveCfg = Release|Any CPU
		{D27ADA29-20A0-4788-B70B-65BAFD5C5B4B}.Release|Any CPU.Build.0 = Release|Any CPU
		{4C8879E6-BCD3-4837-90D7-2EEE26EA3043}.Debug|Any CPU.ActiveCfg = Debug|Any CPU
		{4C8879E6-BCD3-4837-90D7-2EEE26EA3043}.Debug|Any CPU.Build.0 = Debug|Any CPU
		{4C8879E6-BCD3-4837-90D7-2EEE26EA3043}.Release|Any CPU.ActiveCfg = Release|Any CPU
		{4C8879E6-BCD3-4837-90D7-2EEE26EA3043}.Release|Any CPU.Build.0 = Release|Any CPU
		{32C4E25A-8A55-4872-AA09-D4E855AAEEC2}.Debug|Any CPU.ActiveCfg = Debug|Any CPU
		{32C4E25A-8A55-4872-AA09-D4E855AAEEC2}.Debug|Any CPU.Build.0 = Debug|Any CPU
		{32C4E25A-8A55-4872-AA09-D4E855AAEEC2}.Release|Any CPU.ActiveCfg = Release|Any CPU
		{32C4E25A-8A55-4872-AA09-D4E855AAEEC2}.Release|Any CPU.Build.0 = Release|Any CPU
		{5F4DDC96-AA60-4CE5-859A-9C77F09A56AE}.Debug|Any CPU.ActiveCfg = Debug|Any CPU
		{5F4DDC96-AA60-4CE5-859A-9C77F09A56AE}.Debug|Any CPU.Build.0 = Debug|Any CPU
		{5F4DDC96-AA60-4CE5-859A-9C77F09A56AE}.Release|Any CPU.ActiveCfg = Release|Any CPU
		{5F4DDC96-AA60-4CE5-859A-9C77F09A56AE}.Release|Any CPU.Build.0 = Release|Any CPU
		{23AF15B4-90AF-4FD3-9141-4B6425A41BC1}.Debug|Any CPU.ActiveCfg = Debug|Any CPU
		{23AF15B4-90AF-4FD3-9141-4B6425A41BC1}.Debug|Any CPU.Build.0 = Debug|Any CPU
		{23AF15B4-90AF-4FD3-9141-4B6425A41BC1}.Release|Any CPU.ActiveCfg = Release|Any CPU
		{23AF15B4-90AF-4FD3-9141-4B6425A41BC1}.Release|Any CPU.Build.0 = Release|Any CPU
		{39F9585E-7811-452D-BBEA-CA7B20E907E1}.Debug|Any CPU.ActiveCfg = Debug|Any CPU
		{39F9585E-7811-452D-BBEA-CA7B20E907E1}.Debug|Any CPU.Build.0 = Debug|Any CPU
		{39F9585E-7811-452D-BBEA-CA7B20E907E1}.Release|Any CPU.ActiveCfg = Release|Any CPU
		{39F9585E-7811-452D-BBEA-CA7B20E907E1}.Release|Any CPU.Build.0 = Release|Any CPU
		{C169E34C-87A5-4181-9BA2-B3AC1F15C9B8}.Debug|Any CPU.ActiveCfg = Debug|Any CPU
		{C169E34C-87A5-4181-9BA2-B3AC1F15C9B8}.Debug|Any CPU.Build.0 = Debug|Any CPU
		{C169E34C-87A5-4181-9BA2-B3AC1F15C9B8}.Release|Any CPU.ActiveCfg = Release|Any CPU
		{C169E34C-87A5-4181-9BA2-B3AC1F15C9B8}.Release|Any CPU.Build.0 = Release|Any CPU
		{1B3875F8-22E9-40DC-9E42-EA30EC2E231A}.Debug|Any CPU.ActiveCfg = Debug|Any CPU
		{1B3875F8-22E9-40DC-9E42-EA30EC2E231A}.Debug|Any CPU.Build.0 = Debug|Any CPU
		{1B3875F8-22E9-40DC-9E42-EA30EC2E231A}.Release|Any CPU.ActiveCfg = Release|Any CPU
		{1B3875F8-22E9-40DC-9E42-EA30EC2E231A}.Release|Any CPU.Build.0 = Release|Any CPU
		{89E1AC0B-67DE-44A6-8FC3-492BEFB3AA99}.Debug|Any CPU.ActiveCfg = Debug|Any CPU
		{89E1AC0B-67DE-44A6-8FC3-492BEFB3AA99}.Debug|Any CPU.Build.0 = Debug|Any CPU
		{89E1AC0B-67DE-44A6-8FC3-492BEFB3AA99}.Release|Any CPU.ActiveCfg = Release|Any CPU
		{89E1AC0B-67DE-44A6-8FC3-492BEFB3AA99}.Release|Any CPU.Build.0 = Release|Any CPU
		{AE4DA619-65CE-46DD-8659-1F54F945705F}.Debug|Any CPU.ActiveCfg = Debug|Any CPU
		{AE4DA619-65CE-46DD-8659-1F54F945705F}.Debug|Any CPU.Build.0 = Debug|Any CPU
		{AE4DA619-65CE-46DD-8659-1F54F945705F}.Release|Any CPU.ActiveCfg = Release|Any CPU
		{AE4DA619-65CE-46DD-8659-1F54F945705F}.Release|Any CPU.Build.0 = Release|Any CPU
		{CBCD97BD-3508-4794-A03A-4A592DEBBB48}.Debug|Any CPU.ActiveCfg = Debug|Any CPU
		{CBCD97BD-3508-4794-A03A-4A592DEBBB48}.Debug|Any CPU.Build.0 = Debug|Any CPU
		{CBCD97BD-3508-4794-A03A-4A592DEBBB48}.Release|Any CPU.ActiveCfg = Release|Any CPU
		{CBCD97BD-3508-4794-A03A-4A592DEBBB48}.Release|Any CPU.Build.0 = Release|Any CPU
	EndGlobalSection
	GlobalSection(SolutionProperties) = preSolution
		HideSolutionNode = FALSE
	EndGlobalSection
	GlobalSection(ExtensibilityGlobals) = postSolution
		SolutionGuid = {7EB87929-E0F4-4A36-9F75-8EE74D4D530F}
	EndGlobalSection
EndGlobal
